
Microsoft Visual Studio Solution File, Format Version 12.00
# Visual Studio Version 17
VisualStudioVersion = 17.6.33815.320
MinimumVisualStudioVersion = 10.0.40219.1
Project("{9A19103F-16F7-4668-BE54-9A1E7A4F7556}") = "AppiumFlutterFinder", "AppiumFlutterFinder\AppiumFlutterFinder.csproj", "{1E8B7B00-E283-4348-B76B-14E9AE262287}"
EndProject
Project("{9A19103F-16F7-4668-BE54-9A1E7A4F7556}") = "AppiumFlutterFinderTests", "AppiumFlutterFinderTests\AppiumFlutterFinderTests.csproj", "{C19777E3-48D1-455C-90CB-8665983CE719}"
EndProject
Global
	GlobalSection(SolutionConfigurationPlatforms) = preSolution
		Debug|Any CPU = Debug|Any CPU
		Release|Any CPU = Release|Any CPU
	EndGlobalSection
	GlobalSection(ProjectConfigurationPlatforms) = postSolution
		{1E8B7B00-E283-4348-B76B-14E9AE262287}.Debug|Any CPU.ActiveCfg = Release|Any CPU
		{1E8B7B00-E283-4348-B76B-14E9AE262287}.Debug|Any CPU.Build.0 = Release|Any CPU
		{1E8B7B00-E283-4348-B76B-14E9AE262287}.Release|Any CPU.ActiveCfg = Release|Any CPU
		{1E8B7B00-E283-4348-B76B-14E9AE262287}.Release|Any CPU.Build.0 = Release|Any CPU
		{C19777E3-48D1-455C-90CB-8665983CE719}.Debug|Any CPU.ActiveCfg = Debug|Any CPU
		{C19777E3-48D1-455C-90CB-8665983CE719}.Debug|Any CPU.Build.0 = Debug|Any CPU
		{C19777E3-48D1-455C-90CB-8665983CE719}.Release|Any CPU.ActiveCfg = Release|Any CPU
		{C19777E3-48D1-455C-90CB-8665983CE719}.Release|Any CPU.Build.0 = Release|Any CPU
	EndGlobalSection
	GlobalSection(SolutionProperties) = preSolution
		HideSolutionNode = FALSE
	EndGlobalSection
	GlobalSection(ExtensibilityGlobals) = postSolution
		SolutionGuid = {0EB4511B-CB82-4980-B254-C5C88491BE79}
	EndGlobalSection
EndGlobal
